
Microsoft Visual Studio Solution File, Format Version 12.00
# Visual Studio Version 16
VisualStudioVersion = 16.0.30717.126
MinimumVisualStudioVersion = 10.0.40219.1
Project("{9A19103F-16F7-4668-BE54-9A1E7A4F7556}") = "MassTransitBugReport.DeleteTopicSubscription", "MassTransitBugReport.DeleteTopicSubscription\MassTransitBugReport.DeleteTopicSubscription.csproj", "{534015AA-A440-4244-A46B-1834B7AF07DC}"
EndProject
Global
	GlobalSection(SolutionConfigurationPlatforms) = preSolution
		Debug|Any CPU = Debug|Any CPU
		Release|Any CPU = Release|Any CPU
	EndGlobalSection
	GlobalSection(ProjectConfigurationPlatforms) = postSolution
		{534015AA-A440-4244-A46B-1834B7AF07DC}.Debug|Any CPU.ActiveCfg = Debug|Any CPU
		{534015AA-A440-4244-A46B-1834B7AF07DC}.Debug|Any CPU.Build.0 = Debug|Any CPU
		{534015AA-A440-4244-A46B-1834B7AF07DC}.Release|Any CPU.ActiveCfg = Release|Any CPU
		{534015AA-A440-4244-A46B-1834B7AF07DC}.Release|Any CPU.Build.0 = Release|Any CPU
	EndGlobalSection
	GlobalSection(SolutionProperties) = preSolution
		HideSolutionNode = FALSE
	EndGlobalSection
	GlobalSection(ExtensibilityGlobals) = postSolution
		SolutionGuid = {C857C1A8-2848-41AF-A8F1-95759DA957B1}
	EndGlobalSection
EndGlobal
